<?xml version="1.0" encoding="utf-8"?>
<Project ToolsVersion="4.0" xmlns="http://schemas.microsoft.com/developer/msbuild/2003">
  <ItemGroup>
    <ClCompile Include="BaseNetworkLogic.cpp">
      <Filter>Source</Filter>
    </ClCompile>
    <ClCompile Include="Main.cpp">
      <Filter>Source</Filter>
    </ClCompile>
  </ItemGroup>
  <ItemGroup>
    <Filter Include="Source">
      <UniqueIdentifier>{4f081d87-1518-4ce4-93f0-2a1148c53104}</UniqueIdentifier>
    </Filter>
    <Filter Include="Header">
      <UniqueIdentifier>{f678bc06-d1df-4dbb-b753-43b8020293f5}</UniqueIdentifier>
    </Filter>
  </ItemGroup>
  <ItemGroup>
    <ClInclude Include="BaseNetworkLogic.h">
      <Filter>Header</Filter>
    </ClInclude>
  </ItemGroup>
</Project>